PODS:
  - compose_sample (1.0-SNAPSHOT)

DEPENDENCIES:
  - compose_sample (from `../compose-sample`)

EXTERNAL SOURCES:
  compose_sample:
    :path: "../compose-sample"

SPEC CHECKSUMS:
  compose_sample: 765ea60058bd3dc230aa566f057624532027e23f

PODFILE CHECKSUM: 91f5e050a7d57ace1c1a17cb33e42def977c58fd

COCOAPODS: 1.12.1
