{
  "name": "libphonenumber-kotlin",
  "version": "unspecified",
  "lockfileVersion": 3,
  "requires": true,
  "packages": {
    "": {
      "name": "libphonenumber-kotlin",
      "version": "unspecified",
      "workspaces": [
        "packages/libphonenumber-kotlin-libphonenumber",
        "packages/libphonenumber-kotlin-libphonenumber-test",
        "packages/libphonenumber-kotlin-sample",
        "packages/libphonenumber-kotlin-sample-test",
        "packages_imported/skiko-wasm-js/0.9.22-2",
        "packages_imported/skiko-js-wasm-runtime/0.9.22-2"
      ],
      "devDependencies": {}
    },
    "node_modules/libphonenumber-kotlin-libphonenumber": {
      "resolved": "packages/libphonenumber-kotlin-libphonenumber",
      "link": true
    },
    "node_modules/libphonenumber-kotlin-libphonenumber-test": {
      "resolved": "packages/libphonenumber-kotlin-libphonenumber-test",
      "link": true
    },
    "node_modules/libphonenumber-kotlin-sample": {
      "resolved": "packages/libphonenumber-kotlin-sample",
      "link": true
    },
    "node_modules/libphonenumber-kotlin-sample-test": {
      "resolved": "packages/libphonenumber-kotlin-sample-test",
      "link": true
    },
    "node_modules/skiko-js-wasm-runtime": {
      "resolved": "packages_imported/skiko-js-wasm-runtime/0.9.22-2",
      "link": true
    },
    "node_modules/skiko-wasm-js": {
      "resolved": "packages_imported/skiko-wasm-js/0.9.22-2",
      "link": true
    },
    "packages_imported/skiko-js-wasm-runtime/0.9.22-2": {
      "version": "0.9.22-2",
      "devDependencies": {}
    },
    "packages_imported/skiko-js-wasm-runtime/0.9.4-2": {
      "name": "skiko-js-wasm-runtime",
      "version": "0.9.4-2",
      "extraneous": true,
      "devDependencies": {}
    },
    "packages_imported/skiko-wasm-js/0.9.22-2": {
      "version": "0.9.22-2",
      "devDependencies": {}
    },
    "packages_imported/skiko-wasm-js/0.9.4-2": {
      "name": "skiko-wasm-js",
      "version": "0.9.4-2",
      "extraneous": true,
      "devDependencies": {}
    },
    "packages/libphonenumber-kotlin-libphonenumber": {
      "version": "0.1.10",
      "devDependencies": {}
    },
    "packages/libphonenumber-kotlin-libphonenumber-test": {
      "version": "0.1.10",
      "devDependencies": {}
    },
    "packages/libphonenumber-kotlin-sample": {
      "version": "1.0.0-SNAPSHOT",
      "devDependencies": {}
    },
    "packages/libphonenumber-kotlin-sample-test": {
      "version": "1.0.0-SNAPSHOT",
      "devDependencies": {}
    }
  }
}
